// !$*UTF8*$!
{
	archiveVersion = 1;
	classes = {
	};
	objectVersion = 46;
	objects = {

/* Begin PBXBuildFile section */
		1F00FCF91F273E7F00BB50C0 /* PBXBuildFile.swift in Sources */ = {isa = PBXBuildFile; fileRef = 1F00FCF81F273E7F00BB50C0 /* PBXBuildFile.swift */; };
		1F00FCFD1F2740B700BB50C0 /* PBXBuildFile.swift in Sources */ = {isa = PBXBuildFile; fileRef = 1F00FCF81F273E7F00BB50C0 /* PBXBuildFile.swift */; };
		1F195FDA1F2B20250006B6A2 /* PBXObject.swift in Sources */ = {isa = PBXBuildFile; fileRef = 1F195FD91F2B20250006B6A2 /* PBXObject.swift */; };
		1F195FDB1F2B2E730006B6A2 /* PBXObject.swift in Sources */ = {isa = PBXBuildFile; fileRef = 1F195FD91F2B20250006B6A2 /* PBXObject.swift */; };
		1F195FDD1F2B2E8A0006B6A2 /* PBXObjectSpec.swift in Sources */ = {isa = PBXBuildFile; fileRef = 1F195FDC1F2B2E8A0006B6A2 /* PBXObjectSpec.swift */; };
		1F1EDE921F2EE0F500D67087 /* ArgumentsSpec.swift in Sources */ = {isa = PBXBuildFile; fileRef = 1F1EDE911F2EE0F500D67087 /* ArgumentsSpec.swift */; };
		1F1EDE941F2EE2B800D67087 /* Arguments.swift in Sources */ = {isa = PBXBuildFile; fileRef = 1F1EDE931F2EE2B800D67087 /* Arguments.swift */; };
		1F1EDE951F2EE2CC00D67087 /* Arguments.swift in Sources */ = {isa = PBXBuildFile; fileRef = 1F1EDE931F2EE2B800D67087 /* Arguments.swift */; };
		1F1EDE971F2EEFD300D67087 /* File.swift in Sources */ = {isa = PBXBuildFile; fileRef = 1F1EDE961F2EEFD300D67087 /* File.swift */; };
		1F1EDE981F2EF26800D67087 /* File.swift in Sources */ = {isa = PBXBuildFile; fileRef = 1F1EDE961F2EEFD300D67087 /* File.swift */; };
		1F1EDE9A1F2EF27400D67087 /* Errors.swift in Sources */ = {isa = PBXBuildFile; fileRef = 1F1EDE991F2EF27400D67087 /* Errors.swift */; };
		1F1EDE9B1F2F059E00D67087 /* Errors.swift in Sources */ = {isa = PBXBuildFile; fileRef = 1F1EDE991F2EF27400D67087 /* Errors.swift */; };
		1F515E7F1F2AD9B00050174B /* ContainerSpec.swift in Sources */ = {isa = PBXBuildFile; fileRef = 1F515E7E1F2AD9B00050174B /* ContainerSpec.swift */; };
		1F9F83901F29F99900FF642C /* PBXNativeTarget.swift in Sources */ = {isa = PBXBuildFile; fileRef = 1F9F838F1F29F99900FF642C /* PBXNativeTarget.swift */; };
		1F9F83921F29FB1500FF642C /* PBXNativeTargetSpec.swift in Sources */ = {isa = PBXBuildFile; fileRef = 1F9F83911F29FB1500FF642C /* PBXNativeTargetSpec.swift */; };
		1F9F83931F29FCA400FF642C /* PBXNativeTarget.swift in Sources */ = {isa = PBXBuildFile; fileRef = 1F9F838F1F29F99900FF642C /* PBXNativeTarget.swift */; };
		1F9F83961F29FD0600FF642C /* Entity.swift in Sources */ = {isa = PBXBuildFile; fileRef = 1F9F83951F29FD0600FF642C /* Entity.swift */; };
		1F9F83981F29FD4500FF642C /* PBXContainer.swift in Sources */ = {isa = PBXBuildFile; fileRef = 1F9F83971F29FD4500FF642C /* PBXContainer.swift */; };
		1F9F83991F29FD4A00FF642C /* Entity.swift in Sources */ = {isa = PBXBuildFile; fileRef = 1F9F83951F29FD0600FF642C /* Entity.swift */; };
		1F9F839A1F29FD5E00FF642C /* PBXContainer.swift in Sources */ = {isa = PBXBuildFile; fileRef = 1F9F83971F29FD4500FF642C /* PBXContainer.swift */; };
		1FBDA98F1F274CD200F4038B /* PBXBuildFileSpec.swift in Sources */ = {isa = PBXBuildFile; fileRef = 1FBDA98E1F274CD200F4038B /* PBXBuildFileSpec.swift */; };
		1FF02CA61F28850E0066405A /* PBXParser.swift in Sources */ = {isa = PBXBuildFile; fileRef = 1FF02CA51F28850E0066405A /* PBXParser.swift */; };
		1FF02CA71F28852D0066405A /* PBXParser.swift in Sources */ = {isa = PBXBuildFile; fileRef = 1FF02CA51F28850E0066405A /* PBXParser.swift */; };
		1FF02CA91F2893400066405A /* PBXFileReference.swift in Sources */ = {isa = PBXBuildFile; fileRef = 1FF02CA81F2893400066405A /* PBXFileReference.swift */; };
		1FF02CAB1F2897960066405A /* SourceTemplates.swift in Sources */ = {isa = PBXBuildFile; fileRef = 1FF02CAA1F2897960066405A /* SourceTemplates.swift */; };
		1FF02CAC1F28991D0066405A /* PBXFileReference.swift in Sources */ = {isa = PBXBuildFile; fileRef = 1FF02CA81F2893400066405A /* PBXFileReference.swift */; };
		1FF02CAD1F2899220066405A /* SourceTemplates.swift in Sources */ = {isa = PBXBuildFile; fileRef = 1FF02CAA1F2897960066405A /* SourceTemplates.swift */; };
		1FF02CAF1F289A680066405A /* PBXFileReferenceSpec.swift in Sources */ = {isa = PBXBuildFile; fileRef = 1FF02CAE1F289A680066405A /* PBXFileReferenceSpec.swift */; };
		1FF02CB11F289CA70066405A /* PBXGroup.swift in Sources */ = {isa = PBXBuildFile; fileRef = 1FF02CB01F289CA70066405A /* PBXGroup.swift */; };
		1FF02CB21F289DB40066405A /* PBXGroup.swift in Sources */ = {isa = PBXBuildFile; fileRef = 1FF02CB01F289CA70066405A /* PBXGroup.swift */; };
		1FF02CB41F289DC30066405A /* PBXGroupSpec.swift in Sources */ = {isa = PBXBuildFile; fileRef = 1FF02CB31F289DC30066405A /* PBXGroupSpec.swift */; };
		1FFB5E931F172A91002F4A12 /* main.swift in Sources */ = {isa = PBXBuildFile; fileRef = 1FFB5E921F172A91002F4A12 /* main.swift */; };
		1FFB5EAC1F1732EB002F4A12 /* ParseSpec.swift in Sources */ = {isa = PBXBuildFile; fileRef = 1FFB5EAB1F1732EB002F4A12 /* ParseSpec.swift */; };
		1FFB5EDC1F174D83002F4A12 /* stub.pbxproj in Resources */ = {isa = PBXBuildFile; fileRef = 1FFB5EDB1F174D83002F4A12 /* stub.pbxproj */; };
		1FFB5EDD1F175C17002F4A12 /* main.swift in Sources */ = {isa = PBXBuildFile; fileRef = 1FFB5E921F172A91002F4A12 /* main.swift */; };
		41EF80961F17F92C004CD3CE /* Nimble.framework in Frameworks */ = {isa = PBXBuildFile; fileRef = 1FFB5EA61F17324E002F4A12 /* Nimble.framework */; };
		41EF80971F17F92C004CD3CE /* Quick.framework in Frameworks */ = {isa = PBXBuildFile; fileRef = 1FFB5EA71F17324E002F4A12 /* Quick.framework */; };
		9C1E7C1F0DDADE8CA81E9EE2 /* libPods-xproj.a in Frameworks */ = {isa = PBXBuildFile; fileRef = 0CD6B21786B9AC434CF38F60 /* libPods-xproj.a */; };
/* End PBXBuildFile section */

/* Begin PBXCopyFilesBuildPhase section */
		1FFB5E8D1F172A91002F4A12 /* CopyFiles */ = {
			isa = PBXCopyFilesBuildPhase;
			buildActionMask = 2147483647;
			dstPath = /usr/share/man/man1/;
			dstSubfolderSpec = 0;
			files = (
			);
			runOnlyForDeploymentPostprocessing = 1;
		};
/* End PBXCopyFilesBuildPhase section */

/* Begin PBXFileReference section */
		0CD6B21786B9AC434CF38F60 /* libPods-xproj.a */ = {isa = PBXFileReference; explicitFileType = archive.ar; includeInIndex = 0; path = "libPods-xproj.a"; sourceTree = BUILT_PRODUCTS_DIR; };
		1F00FCF81F273E7F00BB50C0 /* PBXBuildFile.swift */ = {isa = PBXFileReference; fileEncoding = 4; lastKnownFileType = sourcecode.swift; path = PBXBuildFile.swift; sourceTree = "<group>"; };
		1F195FD91F2B20250006B6A2 /* PBXObject.swift */ = {isa = PBXFileReference; fileEncoding = 4; lastKnownFileType = sourcecode.swift; path = PBXObject.swift; sourceTree = "<group>"; };
		1F195FDC1F2B2E8A0006B6A2 /* PBXObjectSpec.swift */ = {isa = PBXFileReference; fileEncoding = 4; lastKnownFileType = sourcecode.swift; path = PBXObjectSpec.swift; sourceTree = "<group>"; };
		1F1EDE911F2EE0F500D67087 /* ArgumentsSpec.swift */ = {isa = PBXFileReference; fileEncoding = 4; lastKnownFileType = sourcecode.swift; path = ArgumentsSpec.swift; sourceTree = "<group>"; };
		1F1EDE931F2EE2B800D67087 /* Arguments.swift */ = {isa = PBXFileReference; fileEncoding = 4; lastKnownFileType = sourcecode.swift; path = Arguments.swift; sourceTree = "<group>"; };
		1F1EDE961F2EEFD300D67087 /* File.swift */ = {isa = PBXFileReference; fileEncoding = 4; lastKnownFileType = sourcecode.swift; path = File.swift; sourceTree = "<group>"; };
		1F1EDE991F2EF27400D67087 /* Errors.swift */ = {isa = PBXFileReference; fileEncoding = 4; lastKnownFileType = sourcecode.swift; path = Errors.swift; sourceTree = "<group>"; };
		1F515E7E1F2AD9B00050174B /* ContainerSpec.swift */ = {isa = PBXFileReference; fileEncoding = 4; lastKnownFileType = sourcecode.swift; path = ContainerSpec.swift; sourceTree = "<group>"; };
		1F9F838F1F29F99900FF642C /* PBXNativeTarget.swift */ = {isa = PBXFileReference; fileEncoding = 4; lastKnownFileType = sourcecode.swift; path = PBXNativeTarget.swift; sourceTree = "<group>"; };
		1F9F83911F29FB1500FF642C /* PBXNativeTargetSpec.swift */ = {isa = PBXFileReference; fileEncoding = 4; lastKnownFileType = sourcecode.swift; path = PBXNativeTargetSpec.swift; sourceTree = "<group>"; };
		1F9F83951F29FD0600FF642C /* Entity.swift */ = {isa = PBXFileReference; fileEncoding = 4; lastKnownFileType = sourcecode.swift; path = Entity.swift; sourceTree = "<group>"; };
		1F9F83971F29FD4500FF642C /* PBXContainer.swift */ = {isa = PBXFileReference; fileEncoding = 4; lastKnownFileType = sourcecode.swift; path = PBXContainer.swift; sourceTree = "<group>"; };
		1FBDA98E1F274CD200F4038B /* PBXBuildFileSpec.swift */ = {isa = PBXFileReference; fileEncoding = 4; lastKnownFileType = sourcecode.swift; path = PBXBuildFileSpec.swift; sourceTree = "<group>"; };
		1FF02CA51F28850E0066405A /* PBXParser.swift */ = {isa = PBXFileReference; fileEncoding = 4; lastKnownFileType = sourcecode.swift; path = PBXParser.swift; sourceTree = "<group>"; };
		1FF02CA81F2893400066405A /* PBXFileReference.swift */ = {isa = PBXFileReference; fileEncoding = 4; lastKnownFileType = sourcecode.swift; path = PBXFileReference.swift; sourceTree = "<group>"; };
		1FF02CAA1F2897960066405A /* SourceTemplates.swift */ = {isa = PBXFileReference; fileEncoding = 4; lastKnownFileType = sourcecode.swift; path = SourceTemplates.swift; sourceTree = "<group>"; };
		1FF02CAE1F289A680066405A /* PBXFileReferenceSpec.swift */ = {isa = PBXFileReference; fileEncoding = 4; lastKnownFileType = sourcecode.swift; path = PBXFileReferenceSpec.swift; sourceTree = "<group>"; };
		1FF02CB01F289CA70066405A /* PBXGroup.swift */ = {isa = PBXFileReference; fileEncoding = 4; lastKnownFileType = sourcecode.swift; path = PBXGroup.swift; sourceTree = "<group>"; };
		1FF02CB31F289DC30066405A /* PBXGroupSpec.swift */ = {isa = PBXFileReference; fileEncoding = 4; lastKnownFileType = sourcecode.swift; path = PBXGroupSpec.swift; sourceTree = "<group>"; };
		1FFB5E8F1F172A91002F4A12 /* xproj */ = {isa = PBXFileReference; explicitFileType = "compiled.mach-o.executable"; includeInIndex = 0; path = xproj; sourceTree = BUILT_PRODUCTS_DIR; };
		1FFB5E921F172A91002F4A12 /* main.swift */ = {isa = PBXFileReference; lastKnownFileType = sourcecode.swift; path = main.swift; sourceTree = "<group>"; };
		1FFB5E9D1F172B62002F4A12 /* xprojTests.xctest */ = {isa = PBXFileReference; explicitFileType = wrapper.cfbundle; includeInIndex = 0; path = xprojTests.xctest; sourceTree = BUILT_PRODUCTS_DIR; };
		1FFB5EA11F172B62002F4A12 /* Info.plist */ = {isa = PBXFileReference; lastKnownFileType = text.plist.xml; path = Info.plist; sourceTree = "<group>"; };
		1FFB5EA61F17324E002F4A12 /* Nimble.framework */ = {isa = PBXFileReference; lastKnownFileType = wrapper.framework; name = Nimble.framework; path = Carthage/Build/Mac/Nimble.framework; sourceTree = "<group>"; };
		1FFB5EA71F17324E002F4A12 /* Quick.framework */ = {isa = PBXFileReference; lastKnownFileType = wrapper.framework; name = Quick.framework; path = Carthage/Build/Mac/Quick.framework; sourceTree = "<group>"; };
		1FFB5EAB1F1732EB002F4A12 /* ParseSpec.swift */ = {isa = PBXFileReference; fileEncoding = 4; lastKnownFileType = sourcecode.swift; path = ParseSpec.swift; sourceTree = "<group>"; };
		1FFB5EDB1F174D83002F4A12 /* stub.pbxproj */ = {isa = PBXFileReference; fileEncoding = 4; lastKnownFileType = text.pbxproject; path = stub.pbxproj; sourceTree = "<group>"; };
		762F84B747E0548DD72C646A /* Pods-xproj.debug.xcconfig */ = {isa = PBXFileReference; includeInIndex = 1; lastKnownFileType = text.xcconfig; name = "Pods-xproj.debug.xcconfig"; path = "Pods/Target Support Files/Pods-xproj/Pods-xproj.debug.xcconfig"; sourceTree = "<group>"; };
		F00548043BA8446A4CD90399 /* Pods-xproj.release.xcconfig */ = {isa = PBXFileReference; includeInIndex = 1; lastKnownFileType = text.xcconfig; name = "Pods-xproj.release.xcconfig"; path = "Pods/Target Support Files/Pods-xproj/Pods-xproj.release.xcconfig"; sourceTree = "<group>"; };
/* End PBXFileReference section */

/* Begin PBXFrameworksBuildPhase section */
		1FFB5E8C1F172A91002F4A12 /* Frameworks */ = {
			isa = PBXFrameworksBuildPhase;
			buildActionMask = 2147483647;
			files = (
				9C1E7C1F0DDADE8CA81E9EE2 /* libPods-xproj.a in Frameworks */,
			);
			runOnlyForDeploymentPostprocessing = 0;
		};
		1FFB5E9A1F172B62002F4A12 /* Frameworks */ = {
			isa = PBXFrameworksBuildPhase;
			buildActionMask = 2147483647;
			files = (
				41EF80961F17F92C004CD3CE /* Nimble.framework in Frameworks */,
				41EF80971F17F92C004CD3CE /* Quick.framework in Frameworks */,
			);
			runOnlyForDeploymentPostprocessing = 0;
		};
/* End PBXFrameworksBuildPhase section */

/* Begin PBXGroup section */
		1FFB5E861F172A91002F4A12 = {
			isa = PBXGroup;
			children = (
				1FFB5E911F172A91002F4A12 /* xproj */,
				1FFB5E9E1F172B62002F4A12 /* xprojTests */,
				1FFB5E901F172A91002F4A12 /* Products */,
				1FFB5EA51F17324E002F4A12 /* Frameworks */,
				D416AD7DBF1D834BCD5A52F1 /* Pods */,
			);
			sourceTree = "<group>";
		};
		1FFB5E901F172A91002F4A12 /* Products */ = {
			isa = PBXGroup;
			children = (
				1FFB5E8F1F172A91002F4A12 /* xproj */,
				1FFB5E9D1F172B62002F4A12 /* xprojTests.xctest */,
			);
			name = Products;
			sourceTree = "<group>";
		};
		1FFB5E911F172A91002F4A12 /* xproj */ = {
			isa = PBXGroup;
			children = (
				1FFB5E921F172A91002F4A12 /* main.swift */,
				1FF02CAA1F2897960066405A /* SourceTemplates.swift */,
				1F00FCF81F273E7F00BB50C0 /* PBXBuildFile.swift */,
				1FF02CA81F2893400066405A /* PBXFileReference.swift */,
				1FF02CB01F289CA70066405A /* PBXGroup.swift */,
				1F9F838F1F29F99900FF642C /* PBXNativeTarget.swift */,
				1FF02CA51F28850E0066405A /* PBXParser.swift */,
				1F9F83951F29FD0600FF642C /* Entity.swift */,
				1F9F83971F29FD4500FF642C /* PBXContainer.swift */,
				1F195FD91F2B20250006B6A2 /* PBXObject.swift */,
				1F1EDE931F2EE2B800D67087 /* Arguments.swift */,
				1F1EDE961F2EEFD300D67087 /* File.swift */,
				1F1EDE991F2EF27400D67087 /* Errors.swift */,
			);
			path = xproj;
			sourceTree = "<group>";
		};
		1FFB5E9E1F172B62002F4A12 /* xprojTests */ = {
			isa = PBXGroup;
			children = (
				1FFB5EA11F172B62002F4A12 /* Info.plist */,
				1FFB5EAB1F1732EB002F4A12 /* ParseSpec.swift */,
				1FFB5EDB1F174D83002F4A12 /* stub.pbxproj */,
				1FBDA98E1F274CD200F4038B /* PBXBuildFileSpec.swift */,
				1FF02CAE1F289A680066405A /* PBXFileReferenceSpec.swift */,
				1FF02CB31F289DC30066405A /* PBXGroupSpec.swift */,
				1F9F83911F29FB1500FF642C /* PBXNativeTargetSpec.swift */,
				1F515E7E1F2AD9B00050174B /* ContainerSpec.swift */,
				1F195FDC1F2B2E8A0006B6A2 /* PBXObjectSpec.swift */,
				1F1EDE911F2EE0F500D67087 /* ArgumentsSpec.swift */,
			);
			path = xprojTests;
			sourceTree = "<group>";
		};
		1FFB5EA51F17324E002F4A12 /* Frameworks */ = {
			isa = PBXGroup;
			children = (
				1FFB5EA61F17324E002F4A12 /* Nimble.framework */,
				1FFB5EA71F17324E002F4A12 /* Quick.framework */,
				0CD6B21786B9AC434CF38F60 /* libPods-xproj.a */,
			);
			name = Frameworks;
			sourceTree = "<group>";
		};
		D416AD7DBF1D834BCD5A52F1 /* Pods */ = {
			isa = PBXGroup;
			children = (
				762F84B747E0548DD72C646A /* Pods-xproj.debug.xcconfig */,
				F00548043BA8446A4CD90399 /* Pods-xproj.release.xcconfig */,
			);
			name = Pods;
			sourceTree = "<group>";
		};
/* End PBXGroup section */

/* Begin PBXNativeTarget section */
		1FFB5E8E1F172A91002F4A12 /* xproj */ = {
			isa = PBXNativeTarget;
			buildConfigurationList = 1FFB5E961F172A91002F4A12 /* Build configuration list for PBXNativeTarget "xproj" */;
			buildPhases = (
				B8D284FE32F27D0D1F8F0FF5 /* [CP] Check Pods Manifest.lock */,
				1FFB5E8B1F172A91002F4A12 /* Sources */,
				1FFB5E8C1F172A91002F4A12 /* Frameworks */,
				1FFB5E8D1F172A91002F4A12 /* CopyFiles */,
				B0FC3D17DE4047DEF5E35B06 /* [CP] Copy Pods Resources */,
			);
			buildRules = (
			);
			dependencies = (
			);
			name = xproj;
			productName = xproj;
			productReference = 1FFB5E8F1F172A91002F4A12 /* xproj */;
			productType = "com.apple.product-type.tool";
		};
		1FFB5E9C1F172B62002F4A12 /* xprojTests */ = {
			isa = PBXNativeTarget;
			buildConfigurationList = 1FFB5EA21F172B62002F4A12 /* Build configuration list for PBXNativeTarget "xprojTests" */;
			buildPhases = (
				1FFB5E991F172B62002F4A12 /* Sources */,
				1FFB5E9A1F172B62002F4A12 /* Frameworks */,
				1FFB5E9B1F172B62002F4A12 /* Resources */,
				1FFB5EAA1F173253002F4A12 /* ShellScript */,
			);
			buildRules = (
			);
			dependencies = (
			);
			name = xprojTests;
			productName = xprojTests;
			productReference = 1FFB5E9D1F172B62002F4A12 /* xprojTests.xctest */;
			productType = "com.apple.product-type.bundle.unit-test";
		};
/* End PBXNativeTarget section */

/* Begin PBXProject section */
		1FFB5E871F172A91002F4A12 /* Project object */ = {
			isa = PBXProject;
			attributes = {
				LastSwiftUpdateCheck = 0830;
				LastUpgradeCheck = 0830;
				ORGANIZATIONNAME = PropertyGuru;
				TargetAttributes = {
					1FFB5E8E1F172A91002F4A12 = {
						CreatedOnToolsVersion = 8.3.3;
						ProvisioningStyle = Automatic;
					};
					1FFB5E9C1F172B62002F4A12 = {
						CreatedOnToolsVersion = 8.3.3;
						ProvisioningStyle = Automatic;
					};
				};
			};
			buildConfigurationList = 1FFB5E8A1F172A91002F4A12 /* Build configuration list for PBXProject "xproj" */;
			compatibilityVersion = "Xcode 3.2";
			developmentRegion = English;
			hasScannedForEncodings = 0;
			knownRegions = (
				en,
			);
			mainGroup = 1FFB5E861F172A91002F4A12;
			productRefGroup = 1FFB5E901F172A91002F4A12 /* Products */;
			projectDirPath = "";
			projectRoot = "";
			targets = (
				1FFB5E8E1F172A91002F4A12 /* xproj */,
				1FFB5E9C1F172B62002F4A12 /* xprojTests */,
			);
		};
/* End PBXProject section */

/* Begin PBXResourcesBuildPhase section */
		1FFB5E9B1F172B62002F4A12 /* Resources */ = {
			isa = PBXResourcesBuildPhase;
			buildActionMask = 2147483647;
			files = (
				1FFB5EDC1F174D83002F4A12 /* stub.pbxproj in Resources */,
			);
			runOnlyForDeploymentPostprocessing = 0;
		};
/* End PBXResourcesBuildPhase section */

/* Begin PBXShellScriptBuildPhase section */
		1FFB5EAA1F173253002F4A12 /* ShellScript */ = {
			isa = PBXShellScriptBuildPhase;
			buildActionMask = 2147483647;
			files = (
			);
			inputPaths = (
				"$(SRCROOT)/Carthage/Build/Mac/Quick.framework",
				"$(SRCROOT)/Carthage/Build/Mac/Nimble.framework",
			);
			outputPaths = (
			);
			runOnlyForDeploymentPostprocessing = 0;
			shellPath = /bin/sh;
			shellScript = "carthage copy-frameworks";
		};
		B0FC3D17DE4047DEF5E35B06 /* [CP] Copy Pods Resources */ = {
			isa = PBXShellScriptBuildPhase;
			buildActionMask = 2147483647;
			files = (
			);
			inputPaths = (
			);
			name = "[CP] Copy Pods Resources";
			outputPaths = (
			);
			runOnlyForDeploymentPostprocessing = 0;
			shellPath = /bin/sh;
			shellScript = "\"${SRCROOT}/Pods/Target Support Files/Pods-xproj/Pods-xproj-resources.sh\"\n";
			showEnvVarsInLog = 0;
		};
		B8D284FE32F27D0D1F8F0FF5 /* [CP] Check Pods Manifest.lock */ = {
			isa = PBXShellScriptBuildPhase;
			buildActionMask = 2147483647;
			files = (
			);
			inputPaths = (
			);
			name = "[CP] Check Pods Manifest.lock";
			outputPaths = (
			);
			runOnlyForDeploymentPostprocessing = 0;
			shellPath = /bin/sh;
			shellScript = "diff \"${PODS_ROOT}/../Podfile.lock\" \"${PODS_ROOT}/Manifest.lock\" > /dev/null\nif [ $? != 0 ] ; then\n    # print error to STDERR\n    echo \"error: The sandbox is not in sync with the Podfile.lock. Run 'pod install' or update your CocoaPods installation.\" >&2\n    exit 1\nfi\n";
			showEnvVarsInLog = 0;
		};
/* End PBXShellScriptBuildPhase section */

/* Begin PBXSourcesBuildPhase section */
		1FFB5E8B1F172A91002F4A12 /* Sources */ = {
			isa = PBXSourcesBuildPhase;
			buildActionMask = 2147483647;
			files = (
				1F9F83981F29FD4500FF642C /* PBXContainer.swift in Sources */,
				1F1EDE971F2EEFD300D67087 /* File.swift in Sources */,
				1F195FDA1F2B20250006B6A2 /* PBXObject.swift in Sources */,
				1FF02CA61F28850E0066405A /* PBXParser.swift in Sources */,
				1FFB5E931F172A91002F4A12 /* main.swift in Sources */,
				1FF02CB11F289CA70066405A /* PBXGroup.swift in Sources */,
				1FF02CA91F2893400066405A /* PBXFileReference.swift in Sources */,
				1F1EDE9A1F2EF27400D67087 /* Errors.swift in Sources */,
				1F9F83961F29FD0600FF642C /* Entity.swift in Sources */,
				1F00FCF91F273E7F00BB50C0 /* PBXBuildFile.swift in Sources */,
				1F9F83901F29F99900FF642C /* PBXNativeTarget.swift in Sources */,
				1FF02CAB1F2897960066405A /* SourceTemplates.swift in Sources */,
				1F1EDE941F2EE2B800D67087 /* Arguments.swift in Sources */,
			);
			runOnlyForDeploymentPostprocessing = 0;
		};
		1FFB5E991F172B62002F4A12 /* Sources */ = {
			isa = PBXSourcesBuildPhase;
			buildActionMask = 2147483647;
			files = (
				1F9F83931F29FCA400FF642C /* PBXNativeTarget.swift in Sources */,
				1FFB5EAC1F1732EB002F4A12 /* ParseSpec.swift in Sources */,
				1F9F839A1F29FD5E00FF642C /* PBXContainer.swift in Sources */,
				1FF02CAF1F289A680066405A /* PBXFileReferenceSpec.swift in Sources */,
				1F1EDE951F2EE2CC00D67087 /* Arguments.swift in Sources */,
				1F1EDE981F2EF26800D67087 /* File.swift in Sources */,
				1FF02CB21F289DB40066405A /* PBXGroup.swift in Sources */,
				1FF02CB41F289DC30066405A /* PBXGroupSpec.swift in Sources */,
				1F515E7F1F2AD9B00050174B /* ContainerSpec.swift in Sources */,
				1F9F83921F29FB1500FF642C /* PBXNativeTargetSpec.swift in Sources */,
				1F195FDD1F2B2E8A0006B6A2 /* PBXObjectSpec.swift in Sources */,
				1FFB5EDD1F175C17002F4A12 /* main.swift in Sources */,
				1FF02CAD1F2899220066405A /* SourceTemplates.swift in Sources */,
				1F1EDE9B1F2F059E00D67087 /* Errors.swift in Sources */,
				1F1EDE921F2EE0F500D67087 /* ArgumentsSpec.swift in Sources */,
				1FF02CAC1F28991D0066405A /* PBXFileReference.swift in Sources */,
				1FF02CA71F28852D0066405A /* PBXParser.swift in Sources */,
				1F9F83991F29FD4A00FF642C /* Entity.swift in Sources */,
				1FBDA98F1F274CD200F4038B /* PBXBuildFileSpec.swift in Sources */,
				1F00FCFD1F2740B700BB50C0 /* PBXBuildFile.swift in Sources */,
				1F195FDB1F2B2E730006B6A2 /* PBXObject.swift in Sources */,
			);
			runOnlyForDeploymentPostprocessing = 0;
		};
/* End PBXSourcesBuildPhase section */

/* Begin XCBuildConfiguration section */
		1FFB5E941F172A91002F4A12 /* Debug */ = {
			isa = XCBuildConfiguration;
			buildSettings = {
				ALWAYS_SEARCH_USER_PATHS = NO;
				CLANG_ANALYZER_NONNULL = YES;
				CLANG_ANALYZER_NUMBER_OBJECT_CONVERSION = YES_AGGRESSIVE;
				CLANG_CXX_LANGUAGE_STANDARD = "gnu++0x";
				CLANG_CXX_LIBRARY = "libc++";
				CLANG_ENABLE_MODULES = YES;
				CLANG_ENABLE_OBJC_ARC = YES;
				CLANG_WARN_BOOL_CONVERSION = YES;
				CLANG_WARN_CONSTANT_CONVERSION = YES;
				CLANG_WARN_DIRECT_OBJC_ISA_USAGE = YES_ERROR;
				CLANG_WARN_DOCUMENTATION_COMMENTS = YES;
				CLANG_WARN_EMPTY_BODY = YES;
				CLANG_WARN_ENUM_CONVERSION = YES;
				CLANG_WARN_INFINITE_RECURSION = YES;
				CLANG_WARN_INT_CONVERSION = YES;
				CLANG_WARN_OBJC_ROOT_CLASS = YES_ERROR;
				CLANG_WARN_SUSPICIOUS_MOVE = YES;
				CLANG_WARN_UNREACHABLE_CODE = YES;
				CLANG_WARN__DUPLICATE_METHOD_MATCH = YES;
				CODE_SIGN_IDENTITY = "-";
				COPY_PHASE_STRIP = NO;
				DEBUG_INFORMATION_FORMAT = dwarf;
				ENABLE_STRICT_OBJC_MSGSEND = YES;
				ENABLE_TESTABILITY = YES;
				GCC_C_LANGUAGE_STANDARD = gnu99;
				GCC_DYNAMIC_NO_PIC = NO;
				GCC_NO_COMMON_BLOCKS = YES;
				GCC_OPTIMIZATION_LEVEL = 0;
				GCC_PREPROCESSOR_DEFINITIONS = (
					"DEBUG=1",
					"$(inherited)",
				);
				GCC_WARN_64_TO_32_BIT_CONVERSION = YES;
				GCC_WARN_ABOUT_RETURN_TYPE = YES_ERROR;
				GCC_WARN_UNDECLARED_SELECTOR = YES;
				GCC_WARN_UNINITIALIZED_AUTOS = YES_AGGRESSIVE;
				GCC_WARN_UNUSED_FUNCTION = YES;
				GCC_WARN_UNUSED_VARIABLE = YES;
				MACOSX_DEPLOYMENT_TARGET = 10.12;
				MTL_ENABLE_DEBUG_INFO = YES;
				ONLY_ACTIVE_ARCH = YES;
				SDKROOT = macosx;
				SWIFT_OPTIMIZATION_LEVEL = "-Onone";
			};
			name = Debug;
		};
		1FFB5E951F172A91002F4A12 /* Release */ = {
			isa = XCBuildConfiguration;
			buildSettings = {
				ALWAYS_SEARCH_USER_PATHS = NO;
				CLANG_ANALYZER_NONNULL = YES;
				CLANG_ANALYZER_NUMBER_OBJECT_CONVERSION = YES_AGGRESSIVE;
				CLANG_CXX_LANGUAGE_STANDARD = "gnu++0x";
				CLANG_CXX_LIBRARY = "libc++";
				CLANG_ENABLE_MODULES = YES;
				CLANG_ENABLE_OBJC_ARC = YES;
				CLANG_WARN_BOOL_CONVERSION = YES;
				CLANG_WARN_CONSTANT_CONVERSION = YES;
				CLANG_WARN_DIRECT_OBJC_ISA_USAGE = YES_ERROR;
				CLANG_WARN_DOCUMENTATION_COMMENTS = YES;
				CLANG_WARN_EMPTY_BODY = YES;
				CLANG_WARN_ENUM_CONVERSION = YES;
				CLANG_WARN_INFINITE_RECURSION = YES;
				CLANG_WARN_INT_CONVERSION = YES;
				CLANG_WARN_OBJC_ROOT_CLASS = YES_ERROR;
				CLANG_WARN_SUSPICIOUS_MOVE = YES;
				CLANG_WARN_UNREACHABLE_CODE = YES;
				CLANG_WARN__DUPLICATE_METHOD_MATCH = YES;
				CODE_SIGN_IDENTITY = "-";
				COPY_PHASE_STRIP = NO;
				DEBUG_INFORMATION_FORMAT = "dwarf-with-dsym";
				ENABLE_NS_ASSERTIONS = NO;
				ENABLE_STRICT_OBJC_MSGSEND = YES;
				GCC_C_LANGUAGE_STANDARD = gnu99;
				GCC_NO_COMMON_BLOCKS = YES;
				GCC_WARN_64_TO_32_BIT_CONVERSION = YES;
				GCC_WARN_ABOUT_RETURN_TYPE = YES_ERROR;
				GCC_WARN_UNDECLARED_SELECTOR = YES;
				GCC_WARN_UNINITIALIZED_AUTOS = YES_AGGRESSIVE;
				GCC_WARN_UNUSED_FUNCTION = YES;
				GCC_WARN_UNUSED_VARIABLE = YES;
				MACOSX_DEPLOYMENT_TARGET = 10.12;
				MTL_ENABLE_DEBUG_INFO = NO;
				SDKROOT = macosx;
			};
			name = Release;
		};
		1FFB5E971F172A91002F4A12 /* Debug */ = {
			isa = XCBuildConfiguration;
			baseConfigurationReference = 762F84B747E0548DD72C646A /* Pods-xproj.debug.xcconfig */;
			buildSettings = {
				PRODUCT_NAME = "$(TARGET_NAME)";
				SWIFT_VERSION = 3.0;
			};
			name = Debug;
		};
		1FFB5E981F172A91002F4A12 /* Release */ = {
			isa = XCBuildConfiguration;
			baseConfigurationReference = F00548043BA8446A4CD90399 /* Pods-xproj.release.xcconfig */;
			buildSettings = {
				PRODUCT_NAME = "$(TARGET_NAME)";
				SWIFT_VERSION = 3.0;
			};
			name = Release;
		};
		1FFB5EA31F172B62002F4A12 /* Debug */ = {
			isa = XCBuildConfiguration;
			buildSettings = {
				COMBINE_HIDPI_IMAGES = YES;
				FRAMEWORK_SEARCH_PATHS = (
					"$(inherited)",
					"$(PROJECT_DIR)/Carthage/Build/Mac",
				);
				INFOPLIST_FILE = xprojTests/Info.plist;
				LD_RUNPATH_SEARCH_PATHS = "$(inherited) @executable_path/../Frameworks @loader_path/../Frameworks";
				PRODUCT_BUNDLE_IDENTIFIER = pguru.xprojTests;
				PRODUCT_NAME = "$(TARGET_NAME)";
				SWIFT_ACTIVE_COMPILATION_CONDITIONS = DEBUG;
				SWIFT_VERSION = 3.0;
				"TEST_HOST[sdk=*]" = "$(BUNDLE_LOADER)";
			};
			name = Debug;
		};
		1FFB5EA41F172B62002F4A12 /* Release */ = {
			isa = XCBuildConfiguration;
			buildSettings = {
				COMBINE_HIDPI_IMAGES = YES;
				FRAMEWORK_SEARCH_PATHS = (
					"$(inherited)",
					"$(PROJECT_DIR)/Carthage/Build/Mac",
				);
				INFOPLIST_FILE = xprojTests/Info.plist;
				LD_RUNPATH_SEARCH_PATHS = "$(inherited) @executable_path/../Frameworks @loader_path/../Frameworks";
				PRODUCT_BUNDLE_IDENTIFIER = pguru.xprojTests;
				PRODUCT_NAME = "$(TARGET_NAME)";
				SWIFT_OPTIMIZATION_LEVEL = "-Owholemodule";
				SWIFT_VERSION = 3.0;
				"TEST_HOST[sdk=*]" = "$(BUNDLE_LOADER)";
			};
			name = Release;
		};
/* End XCBuildConfiguration section */

/* Begin XCConfigurationList section */
		1FFB5E8A1F172A91002F4A12 /* Build configuration list for PBXProject "xproj" */ = {
			isa = XCConfigurationList;
			buildConfigurations = (
				1FFB5E941F172A91002F4A12 /* Debug */,
				1FFB5E951F172A91002F4A12 /* Release */,
			);
			defaultConfigurationIsVisible = 0;
			defaultConfigurationName = Release;
		};
		1FFB5E961F172A91002F4A12 /* Build configuration list for PBXNativeTarget "xproj" */ = {
			isa = XCConfigurationList;
			buildConfigurations = (
				1FFB5E971F172A91002F4A12 /* Debug */,
				1FFB5E981F172A91002F4A12 /* Release */,
			);
			defaultConfigurationIsVisible = 0;
			defaultConfigurationName = Release;
		};
		1FFB5EA21F172B62002F4A12 /* Build configuration list for PBXNativeTarget "xprojTests" */ = {
			isa = XCConfigurationList;
			buildConfigurations = (
				1FFB5EA31F172B62002F4A12 /* Debug */,
				1FFB5EA41F172B62002F4A12 /* Release */,
			);
			defaultConfigurationIsVisible = 0;
			defaultConfigurationName = Release;
		};
/* End XCConfigurationList section */
	};
	rootObject = 1FFB5E871F172A91002F4A12 /* Project object */;
}
